
Microsoft Visual Studio Solution File, Format Version 12.00
# Visual Studio Version 17
VisualStudioVersion = 17.5.002.0
MinimumVisualStudioVersion = 10.0.40219.1
Project("{2150E333-8FDC-42A3-9474-1A3956D46DE8}") = "CreationalPatterns", "CreationalPatterns", "{A929D3C4-BDB8-4F62-B0E6-E11F13D87568}"
EndProject
Project("{2150E333-8FDC-42A3-9474-1A3956D46DE8}") = "Factory", "Factory", "{ED123C5A-67D4-4ABA-837F-967DCD13B173}"
EndProject
Project("{FAE04EC0-301F-11D3-BF4B-00C04F79EFBC}") = "AbstractFactoryPattern", "CreationalPatterns\Factory\AbstractFactoryPattern\AbstractFactoryPattern.csproj", "{FBD7031F-D413-4680-8F48-8B49720F7E09}"
EndProject
Project("{FAE04EC0-301F-11D3-BF4B-00C04F79EFBC}") = "FactoryMethodPattern", "CreationalPatterns\Factory\FactoryMethodPattern\FactoryMethodPattern.csproj", "{3D4BB2A3-C4C2-4A5A-9276-A9B988C2E910}"
EndProject
Project("{FAE04EC0-301F-11D3-BF4B-00C04F79EFBC}") = "FactoryPattern", "CreationalPatterns\Factory\FactoryPattern\FactoryPattern.csproj", "{8F6DB792-391D-4428-AD90-2E0D63A0FEA4}"
EndProject
Project("{FAE04EC0-301F-11D3-BF4B-00C04F79EFBC}") = "Builder", "CreationalPatterns\Builder\Builder.csproj", "{526D19BA-9BAA-47CC-8DFE-9CB6704E495C}"
EndProject
Project("{2150E333-8FDC-42A3-9474-1A3956D46DE8}") = "StructuralPatterns", "StructuralPatterns", "{D06EBFA7-7DA7-42E5-BB29-D54FE59BC31B}"
EndProject
Project("{FAE04EC0-301F-11D3-BF4B-00C04F79EFBC}") = "Adapter", "StructuralPatterns\Adapter\Adapter.csproj", "{A26CE9BA-9BE5-4C6E-B781-B7C5039CEE5C}"
EndProject
Project("{FAE04EC0-301F-11D3-BF4B-00C04F79EFBC}") = "Decorator", "StructuralPatterns\Decorator\Decorator.csproj", "{9BFC5BBD-D12C-4FEE-A1C0-35FD4D61465B}"
EndProject
Project("{2150E333-8FDC-42A3-9474-1A3956D46DE8}") = "BehavioralPatterns", "BehavioralPatterns", "{B19BE30F-E3A9-420F-99C1-5F5AB290A30D}"
EndProject
Project("{FAE04EC0-301F-11D3-BF4B-00C04F79EFBC}") = "Mediator", "BehavioralPatterns\Mediator\Mediator.csproj", "{9C2E6B34-2542-4B23-B527-8DBC3D514E25}"
EndProject
Project("{FAE04EC0-301F-11D3-BF4B-00C04F79EFBC}") = "Observer", "BehavioralPatterns\Observer\Observer.csproj", "{28B03A36-FEEC-42CA-B0F6-0D3AEC653CE3}"
EndProject
Global
	GlobalSection(SolutionConfigurationPlatforms) = preSolution
		Debug|Any CPU = Debug|Any CPU
		Release|Any CPU = Release|Any CPU
	EndGlobalSection
	GlobalSection(ProjectConfigurationPlatforms) = postSolution
		{FBD7031F-D413-4680-8F48-8B49720F7E09}.Debug|Any CPU.ActiveCfg = Debug|Any CPU
		{FBD7031F-D413-4680-8F48-8B49720F7E09}.Debug|Any CPU.Build.0 = Debug|Any CPU
		{FBD7031F-D413-4680-8F48-8B49720F7E09}.Release|Any CPU.ActiveCfg = Release|Any CPU
		{FBD7031F-D413-4680-8F48-8B49720F7E09}.Release|Any CPU.Build.0 = Release|Any CPU
		{3D4BB2A3-C4C2-4A5A-9276-A9B988C2E910}.Debug|Any CPU.ActiveCfg = Debug|Any CPU
		{3D4BB2A3-C4C2-4A5A-9276-A9B988C2E910}.Debug|Any CPU.Build.0 = Debug|Any CPU
		{3D4BB2A3-C4C2-4A5A-9276-A9B988C2E910}.Release|Any CPU.ActiveCfg = Release|Any CPU
		{3D4BB2A3-C4C2-4A5A-9276-A9B988C2E910}.Release|Any CPU.Build.0 = Release|Any CPU
		{8F6DB792-391D-4428-AD90-2E0D63A0FEA4}.Debug|Any CPU.ActiveCfg = Debug|Any CPU
		{8F6DB792-391D-4428-AD90-2E0D63A0FEA4}.Debug|Any CPU.Build.0 = Debug|Any CPU
		{8F6DB792-391D-4428-AD90-2E0D63A0FEA4}.Release|Any CPU.ActiveCfg = Release|Any CPU
		{8F6DB792-391D-4428-AD90-2E0D63A0FEA4}.Release|Any CPU.Build.0 = Release|Any CPU
		{526D19BA-9BAA-47CC-8DFE-9CB6704E495C}.Debug|Any CPU.ActiveCfg = Debug|Any CPU
		{526D19BA-9BAA-47CC-8DFE-9CB6704E495C}.Debug|Any CPU.Build.0 = Debug|Any CPU
		{526D19BA-9BAA-47CC-8DFE-9CB6704E495C}.Release|Any CPU.ActiveCfg = Release|Any CPU
		{526D19BA-9BAA-47CC-8DFE-9CB6704E495C}.Release|Any CPU.Build.0 = Release|Any CPU
		{A26CE9BA-9BE5-4C6E-B781-B7C5039CEE5C}.Debug|Any CPU.ActiveCfg = Debug|Any CPU
		{A26CE9BA-9BE5-4C6E-B781-B7C5039CEE5C}.Debug|Any CPU.Build.0 = Debug|Any CPU
		{A26CE9BA-9BE5-4C6E-B781-B7C5039CEE5C}.Release|Any CPU.ActiveCfg = Release|Any CPU
		{A26CE9BA-9BE5-4C6E-B781-B7C5039CEE5C}.Release|Any CPU.Build.0 = Release|Any CPU
		{9BFC5BBD-D12C-4FEE-A1C0-35FD4D61465B}.Debug|Any CPU.ActiveCfg = Debug|Any CPU
		{9BFC5BBD-D12C-4FEE-A1C0-35FD4D61465B}.Debug|Any CPU.Build.0 = Debug|Any CPU
		{9BFC5BBD-D12C-4FEE-A1C0-35FD4D61465B}.Release|Any CPU.ActiveCfg = Release|Any CPU
		{9BFC5BBD-D12C-4FEE-A1C0-35FD4D61465B}.Release|Any CPU.Build.0 = Release|Any CPU
		{9C2E6B34-2542-4B23-B527-8DBC3D514E25}.Debug|Any CPU.ActiveCfg = Debug|Any CPU
		{9C2E6B34-2542-4B23-B527-8DBC3D514E25}.Debug|Any CPU.Build.0 = Debug|Any CPU
		{9C2E6B34-2542-4B23-B527-8DBC3D514E25}.Release|Any CPU.ActiveCfg = Release|Any CPU
		{9C2E6B34-2542-4B23-B527-8DBC3D514E25}.Release|Any CPU.Build.0 = Release|Any CPU
		{28B03A36-FEEC-42CA-B0F6-0D3AEC653CE3}.Debug|Any CPU.ActiveCfg = Debug|Any CPU
		{28B03A36-FEEC-42CA-B0F6-0D3AEC653CE3}.Debug|Any CPU.Build.0 = Debug|Any CPU
		{28B03A36-FEEC-42CA-B0F6-0D3AEC653CE3}.Release|Any CPU.ActiveCfg = Release|Any CPU
		{28B03A36-FEEC-42CA-B0F6-0D3AEC653CE3}.Release|Any CPU.Build.0 = Release|Any CPU
	EndGlobalSection
	GlobalSection(SolutionProperties) = preSolution
		HideSolutionNode = FALSE
	EndGlobalSection
	GlobalSection(NestedProjects) = preSolution
		{ED123C5A-67D4-4ABA-837F-967DCD13B173} = {A929D3C4-BDB8-4F62-B0E6-E11F13D87568}
		{FBD7031F-D413-4680-8F48-8B49720F7E09} = {ED123C5A-67D4-4ABA-837F-967DCD13B173}
		{3D4BB2A3-C4C2-4A5A-9276-A9B988C2E910} = {ED123C5A-67D4-4ABA-837F-967DCD13B173}
		{8F6DB792-391D-4428-AD90-2E0D63A0FEA4} = {ED123C5A-67D4-4ABA-837F-967DCD13B173}
		{526D19BA-9BAA-47CC-8DFE-9CB6704E495C} = {A929D3C4-BDB8-4F62-B0E6-E11F13D87568}
		{A26CE9BA-9BE5-4C6E-B781-B7C5039CEE5C} = {D06EBFA7-7DA7-42E5-BB29-D54FE59BC31B}
		{9BFC5BBD-D12C-4FEE-A1C0-35FD4D61465B} = {D06EBFA7-7DA7-42E5-BB29-D54FE59BC31B}
		{9C2E6B34-2542-4B23-B527-8DBC3D514E25} = {B19BE30F-E3A9-420F-99C1-5F5AB290A30D}
		{28B03A36-FEEC-42CA-B0F6-0D3AEC653CE3} = {B19BE30F-E3A9-420F-99C1-5F5AB290A30D}
	EndGlobalSection
	GlobalSection(ExtensibilityGlobals) = postSolution
		SolutionGuid = {4D19703B-AE5B-4CD9-B12C-D58C83A9EC57}
	EndGlobalSection
EndGlobal
