
Microsoft Visual Studio Solution File, Format Version 12.00
# Visual Studio Version 17
VisualStudioVersion = 17.5.002.0
MinimumVisualStudioVersion = 10.0.40219.1
Project("{2150E333-8FDC-42A3-9474-1A3956D46DE8}") = "Factory", "Factory", "{58E34F5C-7285-43FE-884C-0DC5A28F894C}"
EndProject
Project("{9A19103F-16F7-4668-BE54-9A1E7A4F7556}") = "FactoryPattern", "Factory\FactoryPattern\FactoryPattern.csproj", "{35CF4113-3C06-401E-8C7B-EC3FB6A0570D}"
EndProject
Project("{FAE04EC0-301F-11D3-BF4B-00C04F79EFBC}") = "AbstractFactoryPattern", "Factory\AbstractFactoryPattern\AbstractFactoryPattern.csproj", "{3C1F7FED-3B8F-4C44-A282-EE8C411B51BD}"
EndProject
Project("{FAE04EC0-301F-11D3-BF4B-00C04F79EFBC}") = "FactoryMethodPattern", "Factory\FactoryMethodPattern\FactoryMethodPattern.csproj", "{BCAB1D93-821E-4C7F-8B86-9CC837A0D8B0}"
EndProject
Project("{FAE04EC0-301F-11D3-BF4B-00C04F79EFBC}") = "Builder", "Builder\Builder.csproj", "{B18F9C94-D717-4B96-AFBC-6DFFF198BC34}"
EndProject
Global
	GlobalSection(SolutionConfigurationPlatforms) = preSolution
		Debug|Any CPU = Debug|Any CPU
		Release|Any CPU = Release|Any CPU
	EndGlobalSection
	GlobalSection(ProjectConfigurationPlatforms) = postSolution
		{35CF4113-3C06-401E-8C7B-EC3FB6A0570D}.Debug|Any CPU.ActiveCfg = Debug|Any CPU
		{35CF4113-3C06-401E-8C7B-EC3FB6A0570D}.Debug|Any CPU.Build.0 = Debug|Any CPU
		{35CF4113-3C06-401E-8C7B-EC3FB6A0570D}.Release|Any CPU.ActiveCfg = Release|Any CPU
		{35CF4113-3C06-401E-8C7B-EC3FB6A0570D}.Release|Any CPU.Build.0 = Release|Any CPU
		{3C1F7FED-3B8F-4C44-A282-EE8C411B51BD}.Debug|Any CPU.ActiveCfg = Debug|Any CPU
		{3C1F7FED-3B8F-4C44-A282-EE8C411B51BD}.Debug|Any CPU.Build.0 = Debug|Any CPU
		{3C1F7FED-3B8F-4C44-A282-EE8C411B51BD}.Release|Any CPU.ActiveCfg = Release|Any CPU
		{3C1F7FED-3B8F-4C44-A282-EE8C411B51BD}.Release|Any CPU.Build.0 = Release|Any CPU
		{BCAB1D93-821E-4C7F-8B86-9CC837A0D8B0}.Debug|Any CPU.ActiveCfg = Debug|Any CPU
		{BCAB1D93-821E-4C7F-8B86-9CC837A0D8B0}.Debug|Any CPU.Build.0 = Debug|Any CPU
		{BCAB1D93-821E-4C7F-8B86-9CC837A0D8B0}.Release|Any CPU.ActiveCfg = Release|Any CPU
		{BCAB1D93-821E-4C7F-8B86-9CC837A0D8B0}.Release|Any CPU.Build.0 = Release|Any CPU
		{B18F9C94-D717-4B96-AFBC-6DFFF198BC34}.Debug|Any CPU.ActiveCfg = Debug|Any CPU
		{B18F9C94-D717-4B96-AFBC-6DFFF198BC34}.Debug|Any CPU.Build.0 = Debug|Any CPU
		{B18F9C94-D717-4B96-AFBC-6DFFF198BC34}.Release|Any CPU.ActiveCfg = Release|Any CPU
		{B18F9C94-D717-4B96-AFBC-6DFFF198BC34}.Release|Any CPU.Build.0 = Release|Any CPU
	EndGlobalSection
	GlobalSection(SolutionProperties) = preSolution
		HideSolutionNode = FALSE
	EndGlobalSection
	GlobalSection(NestedProjects) = preSolution
		{35CF4113-3C06-401E-8C7B-EC3FB6A0570D} = {58E34F5C-7285-43FE-884C-0DC5A28F894C}
		{3C1F7FED-3B8F-4C44-A282-EE8C411B51BD} = {58E34F5C-7285-43FE-884C-0DC5A28F894C}
		{BCAB1D93-821E-4C7F-8B86-9CC837A0D8B0} = {58E34F5C-7285-43FE-884C-0DC5A28F894C}
	EndGlobalSection
	GlobalSection(ExtensibilityGlobals) = postSolution
		SolutionGuid = {4D19703B-AE5B-4CD9-B12C-D58C83A9EC57}
	EndGlobalSection
EndGlobal
